// !$*UTF8*$!
{
	archiveVersion = 1;
	classes = {
	};
	objectVersion = 55;
	objects = {

/* Begin PBXBuildFile section */
		285A9C5528C8746E0001192E /* SignInViewModel.swift in Sources */ = {isa = PBXBuildFile; fileRef = 285A9C5428C8746E0001192E /* SignInViewModel.swift */; };
		285A9C5728C874890001192E /* SignUpViewModel.swift in Sources */ = {isa = PBXBuildFile; fileRef = 285A9C5628C874890001192E /* SignUpViewModel.swift */; };
		285A9C5928C874AE0001192E /* FeedViewModel.swift in Sources */ = {isa = PBXBuildFile; fileRef = 285A9C5828C874AE0001192E /* FeedViewModel.swift */; };
		285A9C5B28C874C40001192E /* NewTweetViewModel.swift in Sources */ = {isa = PBXBuildFile; fileRef = 285A9C5A28C874C40001192E /* NewTweetViewModel.swift */; };
		285A9C5D28C874DD0001192E /* SearchViewModel.swift in Sources */ = {isa = PBXBuildFile; fileRef = 285A9C5C28C874DD0001192E /* SearchViewModel.swift */; };
		285A9C5F28C875560001192E /* TweetViewModel.swift in Sources */ = {isa = PBXBuildFile; fileRef = 285A9C5E28C875560001192E /* TweetViewModel.swift */; };
		287804D728C5B04300B6845D /* TwitterSwiftUICloneApp.swift in Sources */ = {isa = PBXBuildFile; fileRef = 287804D628C5B04300B6845D /* TwitterSwiftUICloneApp.swift */; };
		287804D928C5B04300B6845D /* ContentView.swift in Sources */ = {isa = PBXBuildFile; fileRef = 287804D828C5B04300B6845D /* ContentView.swift */; };
		287804DB28C5B04500B6845D /* Assets.xcassets in Resources */ = {isa = PBXBuildFile; fileRef = 287804DA28C5B04500B6845D /* Assets.xcassets */; };
		287804DE28C5B04500B6845D /* Preview Assets.xcassets in Resources */ = {isa = PBXBuildFile; fileRef = 287804DD28C5B04500B6845D /* Preview Assets.xcassets */; };
		287804E628C5B0BF00B6845D /* Kingfisher in Frameworks */ = {isa = PBXBuildFile; productRef = 287804E528C5B0BF00B6845D /* Kingfisher */; };
		287804E928C5B21100B6845D /* FirebaseAuth in Frameworks */ = {isa = PBXBuildFile; productRef = 287804E828C5B21100B6845D /* FirebaseAuth */; };
		287804EB28C5B21100B6845D /* FirebaseFirestore in Frameworks */ = {isa = PBXBuildFile; productRef = 287804EA28C5B21100B6845D /* FirebaseFirestore */; };
		287804ED28C5B21100B6845D /* FirebaseFunctions in Frameworks */ = {isa = PBXBuildFile; productRef = 287804EC28C5B21100B6845D /* FirebaseFunctions */; };
		287804EF28C5B21100B6845D /* FirebaseStorage in Frameworks */ = {isa = PBXBuildFile; productRef = 287804EE28C5B21100B6845D /* FirebaseStorage */; };
		28F9C16828C7225900C1D2E1 /* GoogleService-Info.plist in Resources */ = {isa = PBXBuildFile; fileRef = 28F9C16728C7225900C1D2E1 /* GoogleService-Info.plist */; };
		28F9C16A28C7247800C1D2E1 /* AppColors.swift in Sources */ = {isa = PBXBuildFile; fileRef = 28F9C16928C7247800C1D2E1 /* AppColors.swift */; };
		28F9C16C28C724AE00C1D2E1 /* ImagePicker.swift in Sources */ = {isa = PBXBuildFile; fileRef = 28F9C16B28C724AE00C1D2E1 /* ImagePicker.swift */; };
		28F9C16E28C724BF00C1D2E1 /* FrameModifier.swift in Sources */ = {isa = PBXBuildFile; fileRef = 28F9C16D28C724BF00C1D2E1 /* FrameModifier.swift */; };
		28F9C17028C724D000C1D2E1 /* AuthenticationTextFieldViewModifier.swift in Sources */ = {isa = PBXBuildFile; fileRef = 28F9C16F28C724D000C1D2E1 /* AuthenticationTextFieldViewModifier.swift */; };
		28F9C17228C724EF00C1D2E1 /* BubbleShape.swift in Sources */ = {isa = PBXBuildFile; fileRef = 28F9C17128C724EF00C1D2E1 /* BubbleShape.swift */; };
		28F9C17428C7250000C1D2E1 /* CustomCornerRadius.swift in Sources */ = {isa = PBXBuildFile; fileRef = 28F9C17328C7250000C1D2E1 /* CustomCornerRadius.swift */; };
		28F9C17628C7251700C1D2E1 /* TypeAliasses.swift in Sources */ = {isa = PBXBuildFile; fileRef = 28F9C17528C7251700C1D2E1 /* TypeAliasses.swift */; };
		28F9C17828C7252900C1D2E1 /* FirebaseGlobals.swift in Sources */ = {isa = PBXBuildFile; fileRef = 28F9C17728C7252900C1D2E1 /* FirebaseGlobals.swift */; };
		28F9C17A28C7253900C1D2E1 /* View.swift in Sources */ = {isa = PBXBuildFile; fileRef = 28F9C17928C7253900C1D2E1 /* View.swift */; };
		28F9C17C28C7254400C1D2E1 /* Color.swift in Sources */ = {isa = PBXBuildFile; fileRef = 28F9C17B28C7254400C1D2E1 /* Color.swift */; };
		28F9C17E28C7256700C1D2E1 /* TweetFilterOptions.swift in Sources */ = {isa = PBXBuildFile; fileRef = 28F9C17D28C7256700C1D2E1 /* TweetFilterOptions.swift */; };
		28F9C18028C7258000C1D2E1 /* StyleGuide.swift in Sources */ = {isa = PBXBuildFile; fileRef = 28F9C17F28C7258000C1D2E1 /* StyleGuide.swift */; };
		28F9C18228C7259C00C1D2E1 /* FirestoreCollections.swift in Sources */ = {isa = PBXBuildFile; fileRef = 28F9C18128C7259C00C1D2E1 /* FirestoreCollections.swift */; };
		28F9C18428C725B000C1D2E1 /* DevicesAttributes.swift in Sources */ = {isa = PBXBuildFile; fileRef = 28F9C18328C725B000C1D2E1 /* DevicesAttributes.swift */; };
		28F9C18628C725C700C1D2E1 /* AssetsAccessPoint.swift in Sources */ = {isa = PBXBuildFile; fileRef = 28F9C18528C725C700C1D2E1 /* AssetsAccessPoint.swift */; };
		28F9C18828C725D600C1D2E1 /* APIResult.swift in Sources */ = {isa = PBXBuildFile; fileRef = 28F9C18728C725D600C1D2E1 /* APIResult.swift */; };
		28F9C18A28C7266A00C1D2E1 /* AuthUserAPIService.swift in Sources */ = {isa = PBXBuildFile; fileRef = 28F9C18928C7266A00C1D2E1 /* AuthUserAPIService.swift */; };
		28F9C18C28C7273500C1D2E1 /* User.swift in Sources */ = {isa = PBXBuildFile; fileRef = 28F9C18B28C7273500C1D2E1 /* User.swift */; };
		28F9C18E28C7275600C1D2E1 /* UserStats.swift in Sources */ = {isa = PBXBuildFile; fileRef = 28F9C18D28C7275600C1D2E1 /* UserStats.swift */; };
		28F9C19028C7277A00C1D2E1 /* Message.swift in Sources */ = {isa = PBXBuildFile; fileRef = 28F9C18F28C7277A00C1D2E1 /* Message.swift */; };
		28F9C19228C7279200C1D2E1 /* Tweet.swift in Sources */ = {isa = PBXBuildFile; fileRef = 28F9C19128C7279200C1D2E1 /* Tweet.swift */; };
		28F9C19428C7287F00C1D2E1 /* FollowUnfollowAPIService.swift in Sources */ = {isa = PBXBuildFile; fileRef = 28F9C19328C7287F00C1D2E1 /* FollowUnfollowAPIService.swift */; };
		28F9C19628C728E500C1D2E1 /* MessageAPIService.swift in Sources */ = {isa = PBXBuildFile; fileRef = 28F9C19528C728E500C1D2E1 /* MessageAPIService.swift */; };
		28F9C19828C72EB600C1D2E1 /* TweetAPIService.swift in Sources */ = {isa = PBXBuildFile; fileRef = 28F9C19728C72EB600C1D2E1 /* TweetAPIService.swift */; };
		28F9C19A28C72EF800C1D2E1 /* UserAPIService.swift in Sources */ = {isa = PBXBuildFile; fileRef = 28F9C19928C72EF800C1D2E1 /* UserAPIService.swift */; };
		28F9C19C28C72F4700C1D2E1 /* UserRepository.swift in Sources */ = {isa = PBXBuildFile; fileRef = 28F9C19B28C72F4700C1D2E1 /* UserRepository.swift */; };
		28F9C19E28C72FAC00C1D2E1 /* AuthUserRepository.swift in Sources */ = {isa = PBXBuildFile; fileRef = 28F9C19D28C72FAC00C1D2E1 /* AuthUserRepository.swift */; };
		28F9C1A028C72FFC00C1D2E1 /* TweetRepository.swift in Sources */ = {isa = PBXBuildFile; fileRef = 28F9C19F28C72FFC00C1D2E1 /* TweetRepository.swift */; };
		28F9C1A228C7304700C1D2E1 /* MessageRepository.swift in Sources */ = {isa = PBXBuildFile; fileRef = 28F9C1A128C7304700C1D2E1 /* MessageRepository.swift */; };
/* End PBXBuildFile section */

/* Begin PBXFileReference section */
		285A9C5428C8746E0001192E /* SignInViewModel.swift */ = {isa = PBXFileReference; lastKnownFileType = sourcecode.swift; path = SignInViewModel.swift; sourceTree = "<group>"; };
		285A9C5628C874890001192E /* SignUpViewModel.swift */ = {isa = PBXFileReference; lastKnownFileType = sourcecode.swift; path = SignUpViewModel.swift; sourceTree = "<group>"; };
		285A9C5828C874AE0001192E /* FeedViewModel.swift */ = {isa = PBXFileReference; lastKnownFileType = sourcecode.swift; path = FeedViewModel.swift; sourceTree = "<group>"; };
		285A9C5A28C874C40001192E /* NewTweetViewModel.swift */ = {isa = PBXFileReference; lastKnownFileType = sourcecode.swift; path = NewTweetViewModel.swift; sourceTree = "<group>"; };
		285A9C5C28C874DD0001192E /* SearchViewModel.swift */ = {isa = PBXFileReference; lastKnownFileType = sourcecode.swift; path = SearchViewModel.swift; sourceTree = "<group>"; };
		285A9C5E28C875560001192E /* TweetViewModel.swift */ = {isa = PBXFileReference; lastKnownFileType = sourcecode.swift; path = TweetViewModel.swift; sourceTree = "<group>"; };
		287804D328C5B04300B6845D /* TwitterSwiftUIClone.app */ = {isa = PBXFileReference; explicitFileType = wrapper.application; includeInIndex = 0; path = TwitterSwiftUIClone.app; sourceTree = BUILT_PRODUCTS_DIR; };
		287804D628C5B04300B6845D /* TwitterSwiftUICloneApp.swift */ = {isa = PBXFileReference; lastKnownFileType = sourcecode.swift; path = TwitterSwiftUICloneApp.swift; sourceTree = "<group>"; };
		287804D828C5B04300B6845D /* ContentView.swift */ = {isa = PBXFileReference; lastKnownFileType = sourcecode.swift; path = ContentView.swift; sourceTree = "<group>"; };
		287804DA28C5B04500B6845D /* Assets.xcassets */ = {isa = PBXFileReference; lastKnownFileType = folder.assetcatalog; path = Assets.xcassets; sourceTree = "<group>"; };
		287804DD28C5B04500B6845D /* Preview Assets.xcassets */ = {isa = PBXFileReference; lastKnownFileType = folder.assetcatalog; path = "Preview Assets.xcassets"; sourceTree = "<group>"; };
		28F9C16728C7225900C1D2E1 /* GoogleService-Info.plist */ = {isa = PBXFileReference; fileEncoding = 4; lastKnownFileType = text.plist.xml; path = "GoogleService-Info.plist"; sourceTree = "<group>"; };
		28F9C16928C7247800C1D2E1 /* AppColors.swift */ = {isa = PBXFileReference; lastKnownFileType = sourcecode.swift; path = AppColors.swift; sourceTree = "<group>"; };
		28F9C16B28C724AE00C1D2E1 /* ImagePicker.swift */ = {isa = PBXFileReference; lastKnownFileType = sourcecode.swift; path = ImagePicker.swift; sourceTree = "<group>"; };
		28F9C16D28C724BF00C1D2E1 /* FrameModifier.swift */ = {isa = PBXFileReference; lastKnownFileType = sourcecode.swift; path = FrameModifier.swift; sourceTree = "<group>"; };
		28F9C16F28C724D000C1D2E1 /* AuthenticationTextFieldViewModifier.swift */ = {isa = PBXFileReference; lastKnownFileType = sourcecode.swift; path = AuthenticationTextFieldViewModifier.swift; sourceTree = "<group>"; };
		28F9C17128C724EF00C1D2E1 /* BubbleShape.swift */ = {isa = PBXFileReference; lastKnownFileType = sourcecode.swift; path = BubbleShape.swift; sourceTree = "<group>"; };
		28F9C17328C7250000C1D2E1 /* CustomCornerRadius.swift */ = {isa = PBXFileReference; lastKnownFileType = sourcecode.swift; path = CustomCornerRadius.swift; sourceTree = "<group>"; };
		28F9C17528C7251700C1D2E1 /* TypeAliasses.swift */ = {isa = PBXFileReference; lastKnownFileType = sourcecode.swift; path = TypeAliasses.swift; sourceTree = "<group>"; };
		28F9C17728C7252900C1D2E1 /* FirebaseGlobals.swift */ = {isa = PBXFileReference; lastKnownFileType = sourcecode.swift; path = FirebaseGlobals.swift; sourceTree = "<group>"; };
		28F9C17928C7253900C1D2E1 /* View.swift */ = {isa = PBXFileReference; lastKnownFileType = sourcecode.swift; path = View.swift; sourceTree = "<group>"; };
		28F9C17B28C7254400C1D2E1 /* Color.swift */ = {isa = PBXFileReference; lastKnownFileType = sourcecode.swift; path = Color.swift; sourceTree = "<group>"; };
		28F9C17D28C7256700C1D2E1 /* TweetFilterOptions.swift */ = {isa = PBXFileReference; lastKnownFileType = sourcecode.swift; path = TweetFilterOptions.swift; sourceTree = "<group>"; };
		28F9C17F28C7258000C1D2E1 /* StyleGuide.swift */ = {isa = PBXFileReference; lastKnownFileType = sourcecode.swift; path = StyleGuide.swift; sourceTree = "<group>"; };
		28F9C18128C7259C00C1D2E1 /* FirestoreCollections.swift */ = {isa = PBXFileReference; lastKnownFileType = sourcecode.swift; path = FirestoreCollections.swift; sourceTree = "<group>"; };
		28F9C18328C725B000C1D2E1 /* DevicesAttributes.swift */ = {isa = PBXFileReference; lastKnownFileType = sourcecode.swift; path = DevicesAttributes.swift; sourceTree = "<group>"; };
		28F9C18528C725C700C1D2E1 /* AssetsAccessPoint.swift */ = {isa = PBXFileReference; lastKnownFileType = sourcecode.swift; path = AssetsAccessPoint.swift; sourceTree = "<group>"; };
		28F9C18728C725D600C1D2E1 /* APIResult.swift */ = {isa = PBXFileReference; lastKnownFileType = sourcecode.swift; path = APIResult.swift; sourceTree = "<group>"; };
		28F9C18928C7266A00C1D2E1 /* AuthUserAPIService.swift */ = {isa = PBXFileReference; lastKnownFileType = sourcecode.swift; path = AuthUserAPIService.swift; sourceTree = "<group>"; };
		28F9C18B28C7273500C1D2E1 /* User.swift */ = {isa = PBXFileReference; lastKnownFileType = sourcecode.swift; path = User.swift; sourceTree = "<group>"; };
		28F9C18D28C7275600C1D2E1 /* UserStats.swift */ = {isa = PBXFileReference; lastKnownFileType = sourcecode.swift; path = UserStats.swift; sourceTree = "<group>"; };
		28F9C18F28C7277A00C1D2E1 /* Message.swift */ = {isa = PBXFileReference; lastKnownFileType = sourcecode.swift; path = Message.swift; sourceTree = "<group>"; };
		28F9C19128C7279200C1D2E1 /* Tweet.swift */ = {isa = PBXFileReference; lastKnownFileType = sourcecode.swift; path = Tweet.swift; sourceTree = "<group>"; };
		28F9C19328C7287F00C1D2E1 /* FollowUnfollowAPIService.swift */ = {isa = PBXFileReference; lastKnownFileType = sourcecode.swift; path = FollowUnfollowAPIService.swift; sourceTree = "<group>"; };
		28F9C19528C728E500C1D2E1 /* MessageAPIService.swift */ = {isa = PBXFileReference; lastKnownFileType = sourcecode.swift; path = MessageAPIService.swift; sourceTree = "<group>"; };
		28F9C19728C72EB600C1D2E1 /* TweetAPIService.swift */ = {isa = PBXFileReference; lastKnownFileType = sourcecode.swift; path = TweetAPIService.swift; sourceTree = "<group>"; };
		28F9C19928C72EF800C1D2E1 /* UserAPIService.swift */ = {isa = PBXFileReference; lastKnownFileType = sourcecode.swift; path = UserAPIService.swift; sourceTree = "<group>"; };
		28F9C19B28C72F4700C1D2E1 /* UserRepository.swift */ = {isa = PBXFileReference; lastKnownFileType = sourcecode.swift; path = UserRepository.swift; sourceTree = "<group>"; };
		28F9C19D28C72FAC00C1D2E1 /* AuthUserRepository.swift */ = {isa = PBXFileReference; lastKnownFileType = sourcecode.swift; path = AuthUserRepository.swift; sourceTree = "<group>"; };
		28F9C19F28C72FFC00C1D2E1 /* TweetRepository.swift */ = {isa = PBXFileReference; lastKnownFileType = sourcecode.swift; path = TweetRepository.swift; sourceTree = "<group>"; };
		28F9C1A128C7304700C1D2E1 /* MessageRepository.swift */ = {isa = PBXFileReference; lastKnownFileType = sourcecode.swift; path = MessageRepository.swift; sourceTree = "<group>"; };
/* End PBXFileReference section */

/* Begin PBXFrameworksBuildPhase section */
		287804D028C5B04300B6845D /* Frameworks */ = {
			isa = PBXFrameworksBuildPhase;
			buildActionMask = 2147483647;
			files = (
				287804E628C5B0BF00B6845D /* Kingfisher in Frameworks */,
				287804E928C5B21100B6845D /* FirebaseAuth in Frameworks */,
				287804EB28C5B21100B6845D /* FirebaseFirestore in Frameworks */,
				287804EF28C5B21100B6845D /* FirebaseStorage in Frameworks */,
				287804ED28C5B21100B6845D /* FirebaseFunctions in Frameworks */,
			);
			runOnlyForDeploymentPostprocessing = 0;
		};
/* End PBXFrameworksBuildPhase section */

/* Begin PBXGroup section */
		287804CA28C5B04300B6845D = {
			isa = PBXGroup;
			children = (
				287804D528C5B04300B6845D /* TwitterSwiftUIClone */,
				287804D428C5B04300B6845D /* Products */,
			);
			sourceTree = "<group>";
		};
		287804D428C5B04300B6845D /* Products */ = {
			isa = PBXGroup;
			children = (
				287804D328C5B04300B6845D /* TwitterSwiftUIClone.app */,
			);
			name = Products;
			sourceTree = "<group>";
		};
		287804D528C5B04300B6845D /* TwitterSwiftUIClone */ = {
			isa = PBXGroup;
			children = (
				287804D628C5B04300B6845D /* TwitterSwiftUICloneApp.swift */,
				28F9C14E28C7203400C1D2E1 /* Model */,
				28F9C14D28C7202F00C1D2E1 /* View */,
				28F9C14C28C7202A00C1D2E1 /* ViewModel */,
				28F9C14B28C7202300C1D2E1 /* Repository */,
				28F9C14A28C7201B00C1D2E1 /* Services */,
				28F9C14928C7201300C1D2E1 /* Resources */,
				28F9C14828C7200C00C1D2E1 /* Utils */,
				287804DC28C5B04500B6845D /* Preview Content */,
			);
			path = TwitterSwiftUIClone;
			sourceTree = "<group>";
		};
		287804DC28C5B04500B6845D /* Preview Content */ = {
			isa = PBXGroup;
			children = (
				287804DD28C5B04500B6845D /* Preview Assets.xcassets */,
			);
			path = "Preview Content";
			sourceTree = "<group>";
		};
		28F9C14828C7200C00C1D2E1 /* Utils */ = {
			isa = PBXGroup;
			children = (
				28F9C14F28C7203C00C1D2E1 /* Enum */,
				28F9C15528C7207B00C1D2E1 /* Extensions */,
				28F9C15428C7207100C1D2E1 /* Globals */,
				28F9C15228C7205D00C1D2E1 /* Shapes */,
				28F9C15328C7206700C1D2E1 /* Structs */,
				28F9C15128C7205200C1D2E1 /* ViewModifiers */,
				28F9C15028C7204800C1D2E1 /* UIKit */,
			);
			path = Utils;
			sourceTree = "<group>";
		};
		28F9C14928C7201300C1D2E1 /* Resources */ = {
			isa = PBXGroup;
			children = (
				287804DA28C5B04500B6845D /* Assets.xcassets */,
				28F9C15628C7208800C1D2E1 /* Plists */,
			);
			path = Resources;
			sourceTree = "<group>";
		};
		28F9C14A28C7201B00C1D2E1 /* Services */ = {
			isa = PBXGroup;
			children = (
				28F9C15728C7209500C1D2E1 /* API */,
			);
			path = Services;
			sourceTree = "<group>";
		};
		28F9C14B28C7202300C1D2E1 /* Repository */ = {
			isa = PBXGroup;
			children = (
				28F9C19D28C72FAC00C1D2E1 /* AuthUserRepository.swift */,
				28F9C1A128C7304700C1D2E1 /* MessageRepository.swift */,
				28F9C19F28C72FFC00C1D2E1 /* TweetRepository.swift */,
				28F9C19B28C72F4700C1D2E1 /* UserRepository.swift */,
			);
			path = Repository;
			sourceTree = "<group>";
		};
		28F9C14C28C7202A00C1D2E1 /* ViewModel */ = {
			isa = PBXGroup;
			children = (
				28F9C15D28C720C700C1D2E1 /* Authentication */,
				28F9C15C28C720C100C1D2E1 /* Feed */,
				28F9C15B28C720BB00C1D2E1 /* Search */,
				28F9C15A28C720B600C1D2E1 /* Tweet */,
				28F9C15928C720B000C1D2E1 /* Profile */,
				28F9C15828C720A900C1D2E1 /* Message */,
			);
			path = ViewModel;
			sourceTree = "<group>";
		};
		28F9C14D28C7202F00C1D2E1 /* View */ = {
			isa = PBXGroup;
			children = (
				287804D828C5B04300B6845D /* ContentView.swift */,
				28F9C16628C7210100C1D2E1 /* Authentication */,
				28F9C16528C720FD00C1D2E1 /* Tabs */,
				28F9C16428C720F800C1D2E1 /* Feed */,
				28F9C16328C720F300C1D2E1 /* Search */,
				28F9C16228C720ED00C1D2E1 /* Message */,
				28F9C16128C720E700C1D2E1 /* Tweet */,
				28F9C16028C720E100C1D2E1 /* Profile */,
				28F9C15F28C720D900C1D2E1 /* Components */,
				28F9C15E28C720D500C1D2E1 /* Items */,
			);
			path = View;
			sourceTree = "<group>";
		};
		28F9C14E28C7203400C1D2E1 /* Model */ = {
			isa = PBXGroup;
			children = (
				28F9C18B28C7273500C1D2E1 /* User.swift */,
				28F9C18D28C7275600C1D2E1 /* UserStats.swift */,
				28F9C18F28C7277A00C1D2E1 /* Message.swift */,
				28F9C19128C7279200C1D2E1 /* Tweet.swift */,
			);
			path = Model;
			sourceTree = "<group>";
		};
		28F9C14F28C7203C00C1D2E1 /* Enum */ = {
			isa = PBXGroup;
			children = (
				28F9C18728C725D600C1D2E1 /* APIResult.swift */,
				28F9C18528C725C700C1D2E1 /* AssetsAccessPoint.swift */,
				28F9C18328C725B000C1D2E1 /* DevicesAttributes.swift */,
				28F9C18128C7259C00C1D2E1 /* FirestoreCollections.swift */,
				28F9C17F28C7258000C1D2E1 /* StyleGuide.swift */,
				28F9C17D28C7256700C1D2E1 /* TweetFilterOptions.swift */,
			);
			path = Enum;
			sourceTree = "<group>";
		};
		28F9C15028C7204800C1D2E1 /* UIKit */ = {
			isa = PBXGroup;
			children = (
				28F9C16B28C724AE00C1D2E1 /* ImagePicker.swift */,
			);
			path = UIKit;
			sourceTree = "<group>";
		};
		28F9C15128C7205200C1D2E1 /* ViewModifiers */ = {
			isa = PBXGroup;
			children = (
				28F9C16D28C724BF00C1D2E1 /* FrameModifier.swift */,
				28F9C16F28C724D000C1D2E1 /* AuthenticationTextFieldViewModifier.swift */,
			);
			path = ViewModifiers;
			sourceTree = "<group>";
		};
		28F9C15228C7205D00C1D2E1 /* Shapes */ = {
			isa = PBXGroup;
			children = (
				28F9C17128C724EF00C1D2E1 /* BubbleShape.swift */,
				28F9C17328C7250000C1D2E1 /* CustomCornerRadius.swift */,
			);
			path = Shapes;
			sourceTree = "<group>";
		};
		28F9C15328C7206700C1D2E1 /* Structs */ = {
			isa = PBXGroup;
			children = (
				28F9C16928C7247800C1D2E1 /* AppColors.swift */,
			);
			path = Structs;
			sourceTree = "<group>";
		};
		28F9C15428C7207100C1D2E1 /* Globals */ = {
			isa = PBXGroup;
			children = (
				28F9C17528C7251700C1D2E1 /* TypeAliasses.swift */,
				28F9C17728C7252900C1D2E1 /* FirebaseGlobals.swift */,
			);
			path = Globals;
			sourceTree = "<group>";
		};
		28F9C15528C7207B00C1D2E1 /* Extensions */ = {
			isa = PBXGroup;
			children = (
				28F9C17928C7253900C1D2E1 /* View.swift */,
				28F9C17B28C7254400C1D2E1 /* Color.swift */,
			);
			path = Extensions;
			sourceTree = "<group>";
		};
		28F9C15628C7208800C1D2E1 /* Plists */ = {
			isa = PBXGroup;
			children = (
				28F9C16728C7225900C1D2E1 /* GoogleService-Info.plist */,
			);
			path = Plists;
			sourceTree = "<group>";
		};
		28F9C15728C7209500C1D2E1 /* API */ = {
			isa = PBXGroup;
			children = (
				28F9C18928C7266A00C1D2E1 /* AuthUserAPIService.swift */,
				28F9C19328C7287F00C1D2E1 /* FollowUnfollowAPIService.swift */,
				28F9C19528C728E500C1D2E1 /* MessageAPIService.swift */,
				28F9C19728C72EB600C1D2E1 /* TweetAPIService.swift */,
				28F9C19928C72EF800C1D2E1 /* UserAPIService.swift */,
			);
			path = API;
			sourceTree = "<group>";
		};
		28F9C15828C720A900C1D2E1 /* Message */ = {
			isa = PBXGroup;
			children = (
			);
			path = Message;
			sourceTree = "<group>";
		};
		28F9C15928C720B000C1D2E1 /* Profile */ = {
			isa = PBXGroup;
			children = (
			);
			path = Profile;
			sourceTree = "<group>";
		};
		28F9C15A28C720B600C1D2E1 /* Tweet */ = {
			isa = PBXGroup;
			children = (
				285A9C5E28C875560001192E /* TweetViewModel.swift */,
			);
			path = Tweet;
			sourceTree = "<group>";
		};
		28F9C15B28C720BB00C1D2E1 /* Search */ = {
			isa = PBXGroup;
			children = (
				285A9C5C28C874DD0001192E /* SearchViewModel.swift */,
			);
			path = Search;
			sourceTree = "<group>";
		};
		28F9C15C28C720C100C1D2E1 /* Feed */ = {
			isa = PBXGroup;
			children = (
				285A9C5828C874AE0001192E /* FeedViewModel.swift */,
				285A9C5A28C874C40001192E /* NewTweetViewModel.swift */,
			);
			path = Feed;
			sourceTree = "<group>";
		};
		28F9C15D28C720C700C1D2E1 /* Authentication */ = {
			isa = PBXGroup;
			children = (
				285A9C5428C8746E0001192E /* SignInViewModel.swift */,
				285A9C5628C874890001192E /* SignUpViewModel.swift */,
			);
			path = Authentication;
			sourceTree = "<group>";
		};
		28F9C15E28C720D500C1D2E1 /* Items */ = {
			isa = PBXGroup;
			children = (
			);
			path = Items;
			sourceTree = "<group>";
		};
		28F9C15F28C720D900C1D2E1 /* Components */ = {
			isa = PBXGroup;
			children = (
			);
			path = Components;
			sourceTree = "<group>";
		};
		28F9C16028C720E100C1D2E1 /* Profile */ = {
			isa = PBXGroup;
			children = (
			);
			path = Profile;
			sourceTree = "<group>";
		};
		28F9C16128C720E700C1D2E1 /* Tweet */ = {
			isa = PBXGroup;
			children = (
			);
			path = Tweet;
			sourceTree = "<group>";
		};
		28F9C16228C720ED00C1D2E1 /* Message */ = {
			isa = PBXGroup;
			children = (
			);
			path = Message;
			sourceTree = "<group>";
		};
		28F9C16328C720F300C1D2E1 /* Search */ = {
			isa = PBXGroup;
			children = (
			);
			path = Search;
			sourceTree = "<group>";
		};
		28F9C16428C720F800C1D2E1 /* Feed */ = {
			isa = PBXGroup;
			children = (
			);
			path = Feed;
			sourceTree = "<group>";
		};
		28F9C16528C720FD00C1D2E1 /* Tabs */ = {
			isa = PBXGroup;
			children = (
			);
			path = Tabs;
			sourceTree = "<group>";
		};
		28F9C16628C7210100C1D2E1 /* Authentication */ = {
			isa = PBXGroup;
			children = (
			);
			path = Authentication;
			sourceTree = "<group>";
		};
/* End PBXGroup section */

/* Begin PBXNativeTarget section */
		287804D228C5B04300B6845D /* TwitterSwiftUIClone */ = {
			isa = PBXNativeTarget;
			buildConfigurationList = 287804E128C5B04500B6845D /* Build configuration list for PBXNativeTarget "TwitterSwiftUIClone" */;
			buildPhases = (
				287804CF28C5B04300B6845D /* Sources */,
				287804D028C5B04300B6845D /* Frameworks */,
				287804D128C5B04300B6845D /* Resources */,
			);
			buildRules = (
			);
			dependencies = (
			);
			name = TwitterSwiftUIClone;
			packageProductDependencies = (
				287804E528C5B0BF00B6845D /* Kingfisher */,
				287804E828C5B21100B6845D /* FirebaseAuth */,
				287804EA28C5B21100B6845D /* FirebaseFirestore */,
				287804EC28C5B21100B6845D /* FirebaseFunctions */,
				287804EE28C5B21100B6845D /* FirebaseStorage */,
			);
			productName = TwitterSwiftUIClone;
			productReference = 287804D328C5B04300B6845D /* TwitterSwiftUIClone.app */;
			productType = "com.apple.product-type.application";
		};
/* End PBXNativeTarget section */

/* Begin PBXProject section */
		287804CB28C5B04300B6845D /* Project object */ = {
			isa = PBXProject;
			attributes = {
				BuildIndependentTargetsInParallel = 1;
				LastSwiftUpdateCheck = 1340;
				LastUpgradeCheck = 1340;
				TargetAttributes = {
					287804D228C5B04300B6845D = {
						CreatedOnToolsVersion = 13.4.1;
					};
				};
			};
			buildConfigurationList = 287804CE28C5B04300B6845D /* Build configuration list for PBXProject "TwitterSwiftUIClone" */;
			compatibilityVersion = "Xcode 13.0";
			developmentRegion = en;
			hasScannedForEncodings = 0;
			knownRegions = (
				en,
				Base,
			);
			mainGroup = 287804CA28C5B04300B6845D;
			packageReferences = (
				287804E428C5B0BF00B6845D /* XCRemoteSwiftPackageReference "Kingfisher" */,
				287804E728C5B21100B6845D /* XCRemoteSwiftPackageReference "firebase-ios-sdk" */,
			);
			productRefGroup = 287804D428C5B04300B6845D /* Products */;
			projectDirPath = "";
			projectRoot = "";
			targets = (
				287804D228C5B04300B6845D /* TwitterSwiftUIClone */,
			);
		};
/* End PBXProject section */

/* Begin PBXResourcesBuildPhase section */
		287804D128C5B04300B6845D /* Resources */ = {
			isa = PBXResourcesBuildPhase;
			buildActionMask = 2147483647;
			files = (
				287804DE28C5B04500B6845D /* Preview Assets.xcassets in Resources */,
				287804DB28C5B04500B6845D /* Assets.xcassets in Resources */,
				28F9C16828C7225900C1D2E1 /* GoogleService-Info.plist in Resources */,
			);
			runOnlyForDeploymentPostprocessing = 0;
		};
/* End PBXResourcesBuildPhase section */

/* Begin PBXSourcesBuildPhase section */
		287804CF28C5B04300B6845D /* Sources */ = {
			isa = PBXSourcesBuildPhase;
			buildActionMask = 2147483647;
			files = (
				28F9C18028C7258000C1D2E1 /* StyleGuide.swift in Sources */,
				28F9C17228C724EF00C1D2E1 /* BubbleShape.swift in Sources */,
				28F9C18628C725C700C1D2E1 /* AssetsAccessPoint.swift in Sources */,
				28F9C19628C728E500C1D2E1 /* MessageAPIService.swift in Sources */,
				285A9C5528C8746E0001192E /* SignInViewModel.swift in Sources */,
				28F9C18A28C7266A00C1D2E1 /* AuthUserAPIService.swift in Sources */,
				285A9C5D28C874DD0001192E /* SearchViewModel.swift in Sources */,
				28F9C17828C7252900C1D2E1 /* FirebaseGlobals.swift in Sources */,
				28F9C19E28C72FAC00C1D2E1 /* AuthUserRepository.swift in Sources */,
				28F9C18E28C7275600C1D2E1 /* UserStats.swift in Sources */,
				285A9C5B28C874C40001192E /* NewTweetViewModel.swift in Sources */,
				28F9C17628C7251700C1D2E1 /* TypeAliasses.swift in Sources */,
				28F9C1A228C7304700C1D2E1 /* MessageRepository.swift in Sources */,
				28F9C19828C72EB600C1D2E1 /* TweetAPIService.swift in Sources */,
				28F9C16A28C7247800C1D2E1 /* AppColors.swift in Sources */,
				28F9C19C28C72F4700C1D2E1 /* UserRepository.swift in Sources */,
				28F9C16C28C724AE00C1D2E1 /* ImagePicker.swift in Sources */,
				28F9C18C28C7273500C1D2E1 /* User.swift in Sources */,
				28F9C17C28C7254400C1D2E1 /* Color.swift in Sources */,
				28F9C1A028C72FFC00C1D2E1 /* TweetRepository.swift in Sources */,
				285A9C5928C874AE0001192E /* FeedViewModel.swift in Sources */,
				28F9C17E28C7256700C1D2E1 /* TweetFilterOptions.swift in Sources */,
				28F9C18828C725D600C1D2E1 /* APIResult.swift in Sources */,
				285A9C5F28C875560001192E /* TweetViewModel.swift in Sources */,
				28F9C19428C7287F00C1D2E1 /* FollowUnfollowAPIService.swift in Sources */,
				287804D928C5B04300B6845D /* ContentView.swift in Sources */,
				28F9C18228C7259C00C1D2E1 /* FirestoreCollections.swift in Sources */,
				28F9C17028C724D000C1D2E1 /* AuthenticationTextFieldViewModifier.swift in Sources */,
				28F9C19A28C72EF800C1D2E1 /* UserAPIService.swift in Sources */,
				287804D728C5B04300B6845D /* TwitterSwiftUICloneApp.swift in Sources */,
				28F9C19028C7277A00C1D2E1 /* Message.swift in Sources */,
				28F9C18428C725B000C1D2E1 /* DevicesAttributes.swift in Sources */,
				28F9C16E28C724BF00C1D2E1 /* FrameModifier.swift in Sources */,
				28F9C17A28C7253900C1D2E1 /* View.swift in Sources */,
				28F9C17428C7250000C1D2E1 /* CustomCornerRadius.swift in Sources */,
				285A9C5728C874890001192E /* SignUpViewModel.swift in Sources */,
				28F9C19228C7279200C1D2E1 /* Tweet.swift in Sources */,
			);
			runOnlyForDeploymentPostprocessing = 0;
		};
/* End PBXSourcesBuildPhase section */

/* Begin XCBuildConfiguration section */
		287804DF28C5B04500B6845D /* Debug */ = {
			isa = XCBuildConfiguration;
			buildSettings = {
				ALWAYS_SEARCH_USER_PATHS = NO;
				CLANG_ANALYZER_NONNULL = YES;
				CLANG_ANALYZER_NUMBER_OBJECT_CONVERSION = YES_AGGRESSIVE;
				CLANG_CXX_LANGUAGE_STANDARD = "gnu++17";
				CLANG_ENABLE_MODULES = YES;
				CLANG_ENABLE_OBJC_ARC = YES;
				CLANG_ENABLE_OBJC_WEAK = YES;
				CLANG_WARN_BLOCK_CAPTURE_AUTORELEASING = YES;
				CLANG_WARN_BOOL_CONVERSION = YES;
				CLANG_WARN_COMMA = YES;
				CLANG_WARN_CONSTANT_CONVERSION = YES;
				CLANG_WARN_DEPRECATED_OBJC_IMPLEMENTATIONS = YES;
				CLANG_WARN_DIRECT_OBJC_ISA_USAGE = YES_ERROR;
				CLANG_WARN_DOCUMENTATION_COMMENTS = YES;
				CLANG_WARN_EMPTY_BODY = YES;
				CLANG_WARN_ENUM_CONVERSION = YES;
				CLANG_WARN_INFINITE_RECURSION = YES;
				CLANG_WARN_INT_CONVERSION = YES;
				CLANG_WARN_NON_LITERAL_NULL_CONVERSION = YES;
				CLANG_WARN_OBJC_IMPLICIT_RETAIN_SELF = YES;
				CLANG_WARN_OBJC_LITERAL_CONVERSION = YES;
				CLANG_WARN_OBJC_ROOT_CLASS = YES_ERROR;
				CLANG_WARN_QUOTED_INCLUDE_IN_FRAMEWORK_HEADER = YES;
				CLANG_WARN_RANGE_LOOP_ANALYSIS = YES;
				CLANG_WARN_STRICT_PROTOTYPES = YES;
				CLANG_WARN_SUSPICIOUS_MOVE = YES;
				CLANG_WARN_UNGUARDED_AVAILABILITY = YES_AGGRESSIVE;
				CLANG_WARN_UNREACHABLE_CODE = YES;
				CLANG_WARN__DUPLICATE_METHOD_MATCH = YES;
				COPY_PHASE_STRIP = NO;
				DEBUG_INFORMATION_FORMAT = dwarf;
				ENABLE_STRICT_OBJC_MSGSEND = YES;
				ENABLE_TESTABILITY = YES;
				GCC_C_LANGUAGE_STANDARD = gnu11;
				GCC_DYNAMIC_NO_PIC = NO;
				GCC_NO_COMMON_BLOCKS = YES;
				GCC_OPTIMIZATION_LEVEL = 0;
				GCC_PREPROCESSOR_DEFINITIONS = (
					"DEBUG=1",
					"$(inherited)",
				);
				GCC_WARN_64_TO_32_BIT_CONVERSION = YES;
				GCC_WARN_ABOUT_RETURN_TYPE = YES_ERROR;
				GCC_WARN_UNDECLARED_SELECTOR = YES;
				GCC_WARN_UNINITIALIZED_AUTOS = YES_AGGRESSIVE;
				GCC_WARN_UNUSED_FUNCTION = YES;
				GCC_WARN_UNUSED_VARIABLE = YES;
				IPHONEOS_DEPLOYMENT_TARGET = 15.5;
				MTL_ENABLE_DEBUG_INFO = INCLUDE_SOURCE;
				MTL_FAST_MATH = YES;
				ONLY_ACTIVE_ARCH = YES;
				SDKROOT = iphoneos;
				SWIFT_ACTIVE_COMPILATION_CONDITIONS = DEBUG;
				SWIFT_OPTIMIZATION_LEVEL = "-Onone";
			};
			name = Debug;
		};
		287804E028C5B04500B6845D /* Release */ = {
			isa = XCBuildConfiguration;
			buildSettings = {
				ALWAYS_SEARCH_USER_PATHS = NO;
				CLANG_ANALYZER_NONNULL = YES;
				CLANG_ANALYZER_NUMBER_OBJECT_CONVERSION = YES_AGGRESSIVE;
				CLANG_CXX_LANGUAGE_STANDARD = "gnu++17";
				CLANG_ENABLE_MODULES = YES;
				CLANG_ENABLE_OBJC_ARC = YES;
				CLANG_ENABLE_OBJC_WEAK = YES;
				CLANG_WARN_BLOCK_CAPTURE_AUTORELEASING = YES;
				CLANG_WARN_BOOL_CONVERSION = YES;
				CLANG_WARN_COMMA = YES;
				CLANG_WARN_CONSTANT_CONVERSION = YES;
				CLANG_WARN_DEPRECATED_OBJC_IMPLEMENTATIONS = YES;
				CLANG_WARN_DIRECT_OBJC_ISA_USAGE = YES_ERROR;
				CLANG_WARN_DOCUMENTATION_COMMENTS = YES;
				CLANG_WARN_EMPTY_BODY = YES;
				CLANG_WARN_ENUM_CONVERSION = YES;
				CLANG_WARN_INFINITE_RECURSION = YES;
				CLANG_WARN_INT_CONVERSION = YES;
				CLANG_WARN_NON_LITERAL_NULL_CONVERSION = YES;
				CLANG_WARN_OBJC_IMPLICIT_RETAIN_SELF = YES;
				CLANG_WARN_OBJC_LITERAL_CONVERSION = YES;
				CLANG_WARN_OBJC_ROOT_CLASS = YES_ERROR;
				CLANG_WARN_QUOTED_INCLUDE_IN_FRAMEWORK_HEADER = YES;
				CLANG_WARN_RANGE_LOOP_ANALYSIS = YES;
				CLANG_WARN_STRICT_PROTOTYPES = YES;
				CLANG_WARN_SUSPICIOUS_MOVE = YES;
				CLANG_WARN_UNGUARDED_AVAILABILITY = YES_AGGRESSIVE;
				CLANG_WARN_UNREACHABLE_CODE = YES;
				CLANG_WARN__DUPLICATE_METHOD_MATCH = YES;
				COPY_PHASE_STRIP = NO;
				DEBUG_INFORMATION_FORMAT = "dwarf-with-dsym";
				ENABLE_NS_ASSERTIONS = NO;
				ENABLE_STRICT_OBJC_MSGSEND = YES;
				GCC_C_LANGUAGE_STANDARD = gnu11;
				GCC_NO_COMMON_BLOCKS = YES;
				GCC_WARN_64_TO_32_BIT_CONVERSION = YES;
				GCC_WARN_ABOUT_RETURN_TYPE = YES_ERROR;
				GCC_WARN_UNDECLARED_SELECTOR = YES;
				GCC_WARN_UNINITIALIZED_AUTOS = YES_AGGRESSIVE;
				GCC_WARN_UNUSED_FUNCTION = YES;
				GCC_WARN_UNUSED_VARIABLE = YES;
				IPHONEOS_DEPLOYMENT_TARGET = 15.5;
				MTL_ENABLE_DEBUG_INFO = NO;
				MTL_FAST_MATH = YES;
				SDKROOT = iphoneos;
				SWIFT_COMPILATION_MODE = wholemodule;
				SWIFT_OPTIMIZATION_LEVEL = "-O";
				VALIDATE_PRODUCT = YES;
			};
			name = Release;
		};
		287804E228C5B04500B6845D /* Debug */ = {
			isa = XCBuildConfiguration;
			buildSettings = {
				ASSETCATALOG_COMPILER_APPICON_NAME = AppIcon;
				ASSETCATALOG_COMPILER_GLOBAL_ACCENT_COLOR_NAME = AccentColor;
				CODE_SIGN_STYLE = Automatic;
				CURRENT_PROJECT_VERSION = 1;
				DEVELOPMENT_ASSET_PATHS = "\"TwitterSwiftUIClone/Preview Content\"";
				DEVELOPMENT_TEAM = M4K2UP2N9Q;
				ENABLE_PREVIEWS = YES;
				GENERATE_INFOPLIST_FILE = YES;
				INFOPLIST_KEY_UIApplicationSceneManifest_Generation = YES;
				INFOPLIST_KEY_UIApplicationSupportsIndirectInputEvents = YES;
				INFOPLIST_KEY_UILaunchScreen_Generation = YES;
				INFOPLIST_KEY_UISupportedInterfaceOrientations = UIInterfaceOrientationPortrait;
				INFOPLIST_KEY_UISupportedInterfaceOrientations_iPad = "UIInterfaceOrientationPortrait UIInterfaceOrientationPortraitUpsideDown UIInterfaceOrientationLandscapeLeft UIInterfaceOrientationLandscapeRight";
				INFOPLIST_KEY_UISupportedInterfaceOrientations_iPhone = "UIInterfaceOrientationPortrait UIInterfaceOrientationLandscapeLeft UIInterfaceOrientationLandscapeRight";
				LD_RUNPATH_SEARCH_PATHS = (
					"$(inherited)",
					"@executable_path/Frameworks",
				);
				MARKETING_VERSION = 1.0;
				PRODUCT_BUNDLE_IDENTIFIER = Amirrreza.dev.TwitterSwiftUIClone;
				PRODUCT_NAME = "$(TARGET_NAME)";
				SWIFT_EMIT_LOC_STRINGS = YES;
				SWIFT_VERSION = 5.0;
				TARGETED_DEVICE_FAMILY = 1;
			};
			name = Debug;
		};
		287804E328C5B04500B6845D /* Release */ = {
			isa = XCBuildConfiguration;
			buildSettings = {
				ASSETCATALOG_COMPILER_APPICON_NAME = AppIcon;
				ASSETCATALOG_COMPILER_GLOBAL_ACCENT_COLOR_NAME = AccentColor;
				CODE_SIGN_STYLE = Automatic;
				CURRENT_PROJECT_VERSION = 1;
				DEVELOPMENT_ASSET_PATHS = "\"TwitterSwiftUIClone/Preview Content\"";
				DEVELOPMENT_TEAM = M4K2UP2N9Q;
				ENABLE_PREVIEWS = YES;
				GENERATE_INFOPLIST_FILE = YES;
				INFOPLIST_KEY_UIApplicationSceneManifest_Generation = YES;
				INFOPLIST_KEY_UIApplicationSupportsIndirectInputEvents = YES;
				INFOPLIST_KEY_UILaunchScreen_Generation = YES;
				INFOPLIST_KEY_UISupportedInterfaceOrientations = UIInterfaceOrientationPortrait;
				INFOPLIST_KEY_UISupportedInterfaceOrientations_iPad = "UIInterfaceOrientationPortrait UIInterfaceOrientationPortraitUpsideDown UIInterfaceOrientationLandscapeLeft UIInterfaceOrientationLandscapeRight";
				INFOPLIST_KEY_UISupportedInterfaceOrientations_iPhone = "UIInterfaceOrientationPortrait UIInterfaceOrientationLandscapeLeft UIInterfaceOrientationLandscapeRight";
				LD_RUNPATH_SEARCH_PATHS = (
					"$(inherited)",
					"@executable_path/Frameworks",
				);
				MARKETING_VERSION = 1.0;
				PRODUCT_BUNDLE_IDENTIFIER = Amirrreza.dev.TwitterSwiftUIClone;
				PRODUCT_NAME = "$(TARGET_NAME)";
				SWIFT_EMIT_LOC_STRINGS = YES;
				SWIFT_VERSION = 5.0;
				TARGETED_DEVICE_FAMILY = 1;
			};
			name = Release;
		};
/* End XCBuildConfiguration section */

/* Begin XCConfigurationList section */
		287804CE28C5B04300B6845D /* Build configuration list for PBXProject "TwitterSwiftUIClone" */ = {
			isa = XCConfigurationList;
			buildConfigurations = (
				287804DF28C5B04500B6845D /* Debug */,
				287804E028C5B04500B6845D /* Release */,
			);
			defaultConfigurationIsVisible = 0;
			defaultConfigurationName = Release;
		};
		287804E128C5B04500B6845D /* Build configuration list for PBXNativeTarget "TwitterSwiftUIClone" */ = {
			isa = XCConfigurationList;
			buildConfigurations = (
				287804E228C5B04500B6845D /* Debug */,
				287804E328C5B04500B6845D /* Release */,
			);
			defaultConfigurationIsVisible = 0;
			defaultConfigurationName = Release;
		};
/* End XCConfigurationList section */

/* Begin XCRemoteSwiftPackageReference section */
		287804E428C5B0BF00B6845D /* XCRemoteSwiftPackageReference "Kingfisher" */ = {
			isa = XCRemoteSwiftPackageReference;
			repositoryURL = "https://github.com/onevcat/Kingfisher.git";
			requirement = {
				branch = master;
				kind = branch;
			};
		};
		287804E728C5B21100B6845D /* XCRemoteSwiftPackageReference "firebase-ios-sdk" */ = {
			isa = XCRemoteSwiftPackageReference;
			repositoryURL = "https://github.com/firebase/firebase-ios-sdk";
			requirement = {
				branch = master;
				kind = branch;
			};
		};
/* End XCRemoteSwiftPackageReference section */

/* Begin XCSwiftPackageProductDependency section */
		287804E528C5B0BF00B6845D /* Kingfisher */ = {
			isa = XCSwiftPackageProductDependency;
			package = 287804E428C5B0BF00B6845D /* XCRemoteSwiftPackageReference "Kingfisher" */;
			productName = Kingfisher;
		};
		287804E828C5B21100B6845D /* FirebaseAuth */ = {
			isa = XCSwiftPackageProductDependency;
			package = 287804E728C5B21100B6845D /* XCRemoteSwiftPackageReference "firebase-ios-sdk" */;
			productName = FirebaseAuth;
		};
		287804EA28C5B21100B6845D /* FirebaseFirestore */ = {
			isa = XCSwiftPackageProductDependency;
			package = 287804E728C5B21100B6845D /* XCRemoteSwiftPackageReference "firebase-ios-sdk" */;
			productName = FirebaseFirestore;
		};
		287804EC28C5B21100B6845D /* FirebaseFunctions */ = {
			isa = XCSwiftPackageProductDependency;
			package = 287804E728C5B21100B6845D /* XCRemoteSwiftPackageReference "firebase-ios-sdk" */;
			productName = FirebaseFunctions;
		};
		287804EE28C5B21100B6845D /* FirebaseStorage */ = {
			isa = XCSwiftPackageProductDependency;
			package = 287804E728C5B21100B6845D /* XCRemoteSwiftPackageReference "firebase-ios-sdk" */;
			productName = FirebaseStorage;
		};
/* End XCSwiftPackageProductDependency section */
	};
	rootObject = 287804CB28C5B04300B6845D /* Project object */;
}
